
Microsoft Visual Studio Solution File, Format Version 12.00
# Visual Studio 2012
Project("{FAE04EC0-301F-11D3-BF4B-00C04F79EFBC}") = "simpleConsoleApp", "simpleConsoleApp\simpleConsoleApp.csproj", "{B6CA8783-E19E-4B7D-ABA8-38BAE814BF67}"
EndProject
Project("{FAE04EC0-301F-11D3-BF4B-00C04F79EFBC}") = "TwitterCloneTests", "TwitterCloneTests\TwitterCloneTests.csproj", "{9F2055F8-7424-4F3D-870E-0AAD6C5EF70B}"
EndProject
Global
	GlobalSection(SolutionConfigurationPlatforms) = preSolution
		Debug|Any CPU = Debug|Any CPU
		Release|Any CPU = Release|Any CPU
	EndGlobalSection
	GlobalSection(ProjectConfigurationPlatforms) = postSolution
		{B6CA8783-E19E-4B7D-ABA8-38BAE814BF67}.Debug|Any CPU.ActiveCfg = Debug|Any CPU
		{B6CA8783-E19E-4B7D-ABA8-38BAE814BF67}.Debug|Any CPU.Build.0 = Debug|Any CPU
		{B6CA8783-E19E-4B7D-ABA8-38BAE814BF67}.Release|Any CPU.ActiveCfg = Release|Any CPU
		{B6CA8783-E19E-4B7D-ABA8-38BAE814BF67}.Release|Any CPU.Build.0 = Release|Any CPU
		{9F2055F8-7424-4F3D-870E-0AAD6C5EF70B}.Debug|Any CPU.ActiveCfg = Debug|Any CPU
		{9F2055F8-7424-4F3D-870E-0AAD6C5EF70B}.Debug|Any CPU.Build.0 = Debug|Any CPU
		{9F2055F8-7424-4F3D-870E-0AAD6C5EF70B}.Release|Any CPU.ActiveCfg = Release|Any CPU
		{9F2055F8-7424-4F3D-870E-0AAD6C5EF70B}.Release|Any CPU.Build.0 = Release|Any CPU
	EndGlobalSection
EndGlobal
